// !$*UTF8*$!
{
	archiveVersion = 1;
	classes = {
	};
	objectVersion = 50;
	objects = {

/* Begin PBXBuildFile section */
		A62ED17E24EA253A00281930 /* MonthlyViewController.swift in Sources */ = {isa = PBXBuildFile; fileRef = A62ED17D24EA253A00281930 /* MonthlyViewController.swift */; };
		A62ED18024EA262200281930 /* NotesViewController.swift in Sources */ = {isa = PBXBuildFile; fileRef = A62ED17F24EA262200281930 /* NotesViewController.swift */; };
		A62ED19324F299BE00281930 /* Note.swift in Sources */ = {isa = PBXBuildFile; fileRef = A62ED19224F299BE00281930 /* Note.swift */; };
		A6F9E46A24E9A67400B4BEFE /* AppDelegate.swift in Sources */ = {isa = PBXBuildFile; fileRef = A6F9E46924E9A67400B4BEFE /* AppDelegate.swift */; };
		A6F9E46C24E9A67400B4BEFE /* SceneDelegate.swift in Sources */ = {isa = PBXBuildFile; fileRef = A6F9E46B24E9A67400B4BEFE /* SceneDelegate.swift */; };
		A6F9E46E24E9A67400B4BEFE /* WeeklyViewController.swift in Sources */ = {isa = PBXBuildFile; fileRef = A6F9E46D24E9A67400B4BEFE /* WeeklyViewController.swift */; };
		A6F9E47124E9A67400B4BEFE /* Main.storyboard in Resources */ = {isa = PBXBuildFile; fileRef = A6F9E46F24E9A67400B4BEFE /* Main.storyboard */; };
		A6F9E47324E9A67800B4BEFE /* Assets.xcassets in Resources */ = {isa = PBXBuildFile; fileRef = A6F9E47224E9A67800B4BEFE /* Assets.xcassets */; };
		A6F9E47624E9A67800B4BEFE /* LaunchScreen.storyboard in Resources */ = {isa = PBXBuildFile; fileRef = A6F9E47424E9A67800B4BEFE /* LaunchScreen.storyboard */; };
		EE254387D4E0E3C2B942D38E /* libPods-Weekly Planner.a in Frameworks */ = {isa = PBXBuildFile; fileRef = D59649090CA0886055A2EAD5 /* libPods-Weekly Planner.a */; };
/* End PBXBuildFile section */

/* Begin PBXFileReference section */
		373A8FF2DC06B86E0DE6B5AD /* Pods-Weekly Planner.release.xcconfig */ = {isa = PBXFileReference; includeInIndex = 1; lastKnownFileType = text.xcconfig; name = "Pods-Weekly Planner.release.xcconfig"; path = "Target Support Files/Pods-Weekly Planner/Pods-Weekly Planner.release.xcconfig"; sourceTree = "<group>"; };
		7A040918B937F98296166ACF /* Pods-Weekly Planner.debug.xcconfig */ = {isa = PBXFileReference; includeInIndex = 1; lastKnownFileType = text.xcconfig; name = "Pods-Weekly Planner.debug.xcconfig"; path = "Target Support Files/Pods-Weekly Planner/Pods-Weekly Planner.debug.xcconfig"; sourceTree = "<group>"; };
		A62ED17D24EA253A00281930 /* MonthlyViewController.swift */ = {isa = PBXFileReference; lastKnownFileType = sourcecode.swift; path = MonthlyViewController.swift; sourceTree = "<group>"; };
		A62ED17F24EA262200281930 /* NotesViewController.swift */ = {isa = PBXFileReference; lastKnownFileType = sourcecode.swift; path = NotesViewController.swift; sourceTree = "<group>"; };
		A62ED19224F299BE00281930 /* Note.swift */ = {isa = PBXFileReference; lastKnownFileType = sourcecode.swift; path = Note.swift; sourceTree = "<group>"; };
		A6F9E46624E9A67400B4BEFE /* Weekly Planner.app */ = {isa = PBXFileReference; explicitFileType = wrapper.application; includeInIndex = 0; path = "Weekly Planner.app"; sourceTree = BUILT_PRODUCTS_DIR; };
		A6F9E46924E9A67400B4BEFE /* AppDelegate.swift */ = {isa = PBXFileReference; lastKnownFileType = sourcecode.swift; path = AppDelegate.swift; sourceTree = "<group>"; };
		A6F9E46B24E9A67400B4BEFE /* SceneDelegate.swift */ = {isa = PBXFileReference; lastKnownFileType = sourcecode.swift; path = SceneDelegate.swift; sourceTree = "<group>"; };
		A6F9E46D24E9A67400B4BEFE /* WeeklyViewController.swift */ = {isa = PBXFileReference; lastKnownFileType = sourcecode.swift; path = WeeklyViewController.swift; sourceTree = "<group>"; };
		A6F9E47024E9A67400B4BEFE /* Base */ = {isa = PBXFileReference; lastKnownFileType = file.storyboard; name = Base; path = Base.lproj/Main.storyboard; sourceTree = "<group>"; };
		A6F9E47224E9A67800B4BEFE /* Assets.xcassets */ = {isa = PBXFileReference; lastKnownFileType = folder.assetcatalog; path = Assets.xcassets; sourceTree = "<group>"; };
		A6F9E47524E9A67800B4BEFE /* Base */ = {isa = PBXFileReference; lastKnownFileType = file.storyboard; name = Base; path = Base.lproj/LaunchScreen.storyboard; sourceTree = "<group>"; };
		A6F9E47724E9A67800B4BEFE /* Info.plist */ = {isa = PBXFileReference; lastKnownFileType = text.plist.xml; path = Info.plist; sourceTree = "<group>"; };
		D59649090CA0886055A2EAD5 /* libPods-Weekly Planner.a */ = {isa = PBXFileReference; explicitFileType = archive.ar; includeInIndex = 0; path = "libPods-Weekly Planner.a"; sourceTree = BUILT_PRODUCTS_DIR; };
/* End PBXFileReference section */

/* Begin PBXFrameworksBuildPhase section */
		A6F9E46324E9A67400B4BEFE /* Frameworks */ = {
			isa = PBXFrameworksBuildPhase;
			buildActionMask = 2147483647;
			files = (
				EE254387D4E0E3C2B942D38E /* libPods-Weekly Planner.a in Frameworks */,
			);
			runOnlyForDeploymentPostprocessing = 0;
		};
/* End PBXFrameworksBuildPhase section */

/* Begin PBXGroup section */
		4D8328C15EF086695BDA3610 /* Pods */ = {
			isa = PBXGroup;
			children = (
				7A040918B937F98296166ACF /* Pods-Weekly Planner.debug.xcconfig */,
				373A8FF2DC06B86E0DE6B5AD /* Pods-Weekly Planner.release.xcconfig */,
			);
			path = Pods;
			sourceTree = "<group>";
		};
		9CAF732EDDA7487E10543F4E /* Frameworks */ = {
			isa = PBXGroup;
			children = (
				D59649090CA0886055A2EAD5 /* libPods-Weekly Planner.a */,
			);
			name = Frameworks;
			sourceTree = "<group>";
		};
		A62ED18124EA27CE00281930 /* Controllers */ = {
			isa = PBXGroup;
			children = (
				A6F9E46D24E9A67400B4BEFE /* WeeklyViewController.swift */,
				A62ED17D24EA253A00281930 /* MonthlyViewController.swift */,
				A62ED17F24EA262200281930 /* NotesViewController.swift */,
			);
			path = Controllers;
			sourceTree = "<group>";
		};
		A62ED18324EA27F400281930 /* Views */ = {
			isa = PBXGroup;
			children = (
				A6F9E46F24E9A67400B4BEFE /* Main.storyboard */,
			);
			path = Views;
			sourceTree = "<group>";
		};
		A62ED18424EA280500281930 /* Models */ = {
			isa = PBXGroup;
			children = (
				A62ED19224F299BE00281930 /* Note.swift */,
			);
			path = Models;
			sourceTree = "<group>";
		};
		A6F9E45D24E9A67400B4BEFE = {
			isa = PBXGroup;
			children = (
				A6F9E46824E9A67400B4BEFE /* Weekly Planner */,
				A6F9E46724E9A67400B4BEFE /* Products */,
				4D8328C15EF086695BDA3610 /* Pods */,
				9CAF732EDDA7487E10543F4E /* Frameworks */,
			);
			sourceTree = "<group>";
		};
		A6F9E46724E9A67400B4BEFE /* Products */ = {
			isa = PBXGroup;
			children = (
				A6F9E46624E9A67400B4BEFE /* Weekly Planner.app */,
			);
			name = Products;
			sourceTree = "<group>";
		};
		A6F9E46824E9A67400B4BEFE /* Weekly Planner */ = {
			isa = PBXGroup;
			children = (
				A6F9E46924E9A67400B4BEFE /* AppDelegate.swift */,
				A6F9E46B24E9A67400B4BEFE /* SceneDelegate.swift */,
				A62ED18424EA280500281930 /* Models */,
				A62ED18324EA27F400281930 /* Views */,
				A62ED18124EA27CE00281930 /* Controllers */,
				A6F9E47224E9A67800B4BEFE /* Assets.xcassets */,
				A6F9E47424E9A67800B4BEFE /* LaunchScreen.storyboard */,
				A6F9E47724E9A67800B4BEFE /* Info.plist */,
			);
			path = "Weekly Planner";
			sourceTree = "<group>";
		};
/* End PBXGroup section */

/* Begin PBXNativeTarget section */
		A6F9E46524E9A67400B4BEFE /* Weekly Planner */ = {
			isa = PBXNativeTarget;
			buildConfigurationList = A6F9E47A24E9A67800B4BEFE /* Build configuration list for PBXNativeTarget "Weekly Planner" */;
			buildPhases = (
				BB1D4735AE7C69174BF44315 /* [CP] Check Pods Manifest.lock */,
				A6F9E46224E9A67400B4BEFE /* Sources */,
				A6F9E46324E9A67400B4BEFE /* Frameworks */,
				A6F9E46424E9A67400B4BEFE /* Resources */,
			);
			buildRules = (
			);
			dependencies = (
			);
			name = "Weekly Planner";
			productName = "Weekly Planner";
			productReference = A6F9E46624E9A67400B4BEFE /* Weekly Planner.app */;
			productType = "com.apple.product-type.application";
		};
/* End PBXNativeTarget section */

/* Begin PBXProject section */
		A6F9E45E24E9A67400B4BEFE /* Project object */ = {
			isa = PBXProject;
			attributes = {
				LastSwiftUpdateCheck = 1160;
				LastUpgradeCheck = 1160;
				ORGANIZATIONNAME = "Ervin Ng";
				TargetAttributes = {
					A6F9E46524E9A67400B4BEFE = {
						CreatedOnToolsVersion = 11.6;
					};
				};
			};
			buildConfigurationList = A6F9E46124E9A67400B4BEFE /* Build configuration list for PBXProject "Weekly Planner" */;
			compatibilityVersion = "Xcode 9.3";
			developmentRegion = en;
			hasScannedForEncodings = 0;
			knownRegions = (
				en,
				Base,
			);
			mainGroup = A6F9E45D24E9A67400B4BEFE;
			productRefGroup = A6F9E46724E9A67400B4BEFE /* Products */;
			projectDirPath = "";
			projectRoot = "";
			targets = (
				A6F9E46524E9A67400B4BEFE /* Weekly Planner */,
			);
		};
/* End PBXProject section */

/* Begin PBXResourcesBuildPhase section */
		A6F9E46424E9A67400B4BEFE /* Resources */ = {
			isa = PBXResourcesBuildPhase;
			buildActionMask = 2147483647;
			files = (
				A6F9E47624E9A67800B4BEFE /* LaunchScreen.storyboard in Resources */,
				A6F9E47324E9A67800B4BEFE /* Assets.xcassets in Resources */,
				A6F9E47124E9A67400B4BEFE /* Main.storyboard in Resources */,
			);
			runOnlyForDeploymentPostprocessing = 0;
		};
/* End PBXResourcesBuildPhase section */

/* Begin PBXShellScriptBuildPhase section */
		BB1D4735AE7C69174BF44315 /* [CP] Check Pods Manifest.lock */ = {
			isa = PBXShellScriptBuildPhase;
			buildActionMask = 2147483647;
			files = (
			);
			inputFileListPaths = (
			);
			inputPaths = (
				"${PODS_PODFILE_DIR_PATH}/Podfile.lock",
				"${PODS_ROOT}/Manifest.lock",
			);
			name = "[CP] Check Pods Manifest.lock";
			outputFileListPaths = (
			);
			outputPaths = (
				"$(DERIVED_FILE_DIR)/Pods-Weekly Planner-checkManifestLockResult.txt",
			);
			runOnlyForDeploymentPostprocessing = 0;
			shellPath = /bin/sh;
			shellScript = "diff \"${PODS_PODFILE_DIR_PATH}/Podfile.lock\" \"${PODS_ROOT}/Manifest.lock\" > /dev/null\nif [ $? != 0 ] ; then\n    # print error to STDERR\n    echo \"error: The sandbox is not in sync with the Podfile.lock. Run 'pod install' or update your CocoaPods installation.\" >&2\n    exit 1\nfi\n# This output is used by Xcode 'outputs' to avoid re-running this script phase.\necho \"SUCCESS\" > \"${SCRIPT_OUTPUT_FILE_0}\"\n";
			showEnvVarsInLog = 0;
		};
/* End PBXShellScriptBuildPhase section */

/* Begin PBXSourcesBuildPhase section */
		A6F9E46224E9A67400B4BEFE /* Sources */ = {
			isa = PBXSourcesBuildPhase;
			buildActionMask = 2147483647;
			files = (
				A62ED17E24EA253A00281930 /* MonthlyViewController.swift in Sources */,
				A62ED18024EA262200281930 /* NotesViewController.swift in Sources */,
				A6F9E46E24E9A67400B4BEFE /* WeeklyViewController.swift in Sources */,
				A6F9E46A24E9A67400B4BEFE /* AppDelegate.swift in Sources */,
				A6F9E46C24E9A67400B4BEFE /* SceneDelegate.swift in Sources */,
				A62ED19324F299BE00281930 /* Note.swift in Sources */,
			);
			runOnlyForDeploymentPostprocessing = 0;
		};
/* End PBXSourcesBuildPhase section */

/* Begin PBXVariantGroup section */
		A6F9E46F24E9A67400B4BEFE /* Main.storyboard */ = {
			isa = PBXVariantGroup;
			children = (
				A6F9E47024E9A67400B4BEFE /* Base */,
			);
			name = Main.storyboard;
			sourceTree = "<group>";
		};
		A6F9E47424E9A67800B4BEFE /* LaunchScreen.storyboard */ = {
			isa = PBXVariantGroup;
			children = (
				A6F9E47524E9A67800B4BEFE /* Base */,
			);
			name = LaunchScreen.storyboard;
			sourceTree = "<group>";
		};
/* End PBXVariantGroup section */

/* Begin XCBuildConfiguration section */
		A6F9E47824E9A67800B4BEFE /* Debug */ = {
			isa = XCBuildConfiguration;
			buildSettings = {
				ALWAYS_SEARCH_USER_PATHS = NO;
				CLANG_ANALYZER_NONNULL = YES;
				CLANG_ANALYZER_NUMBER_OBJECT_CONVERSION = YES_AGGRESSIVE;
				CLANG_CXX_LANGUAGE_STANDARD = "gnu++14";
				CLANG_CXX_LIBRARY = "libc++";
				CLANG_ENABLE_MODULES = YES;
				CLANG_ENABLE_OBJC_ARC = YES;
				CLANG_ENABLE_OBJC_WEAK = YES;
				CLANG_WARN_BLOCK_CAPTURE_AUTORELEASING = YES;
				CLANG_WARN_BOOL_CONVERSION = YES;
				CLANG_WARN_COMMA = YES;
				CLANG_WARN_CONSTANT_CONVERSION = YES;
				CLANG_WARN_DEPRECATED_OBJC_IMPLEMENTATIONS = YES;
				CLANG_WARN_DIRECT_OBJC_ISA_USAGE = YES_ERROR;
				CLANG_WARN_DOCUMENTATION_COMMENTS = YES;
				CLANG_WARN_EMPTY_BODY = YES;
				CLANG_WARN_ENUM_CONVERSION = YES;
				CLANG_WARN_INFINITE_RECURSION = YES;
				CLANG_WARN_INT_CONVERSION = YES;
				CLANG_WARN_NON_LITERAL_NULL_CONVERSION = YES;
				CLANG_WARN_OBJC_IMPLICIT_RETAIN_SELF = YES;
				CLANG_WARN_OBJC_LITERAL_CONVERSION = YES;
				CLANG_WARN_OBJC_ROOT_CLASS = YES_ERROR;
				CLANG_WARN_RANGE_LOOP_ANALYSIS = YES;
				CLANG_WARN_STRICT_PROTOTYPES = YES;
				CLANG_WARN_SUSPICIOUS_MOVE = YES;
				CLANG_WARN_UNGUARDED_AVAILABILITY = YES_AGGRESSIVE;
				CLANG_WARN_UNREACHABLE_CODE = YES;
				CLANG_WARN__DUPLICATE_METHOD_MATCH = YES;
				COPY_PHASE_STRIP = NO;
				DEBUG_INFORMATION_FORMAT = dwarf;
				ENABLE_STRICT_OBJC_MSGSEND = YES;
				ENABLE_TESTABILITY = YES;
				GCC_C_LANGUAGE_STANDARD = gnu11;
				GCC_DYNAMIC_NO_PIC = NO;
				GCC_NO_COMMON_BLOCKS = YES;
				GCC_OPTIMIZATION_LEVEL = 0;
				GCC_PREPROCESSOR_DEFINITIONS = (
					"DEBUG=1",
					"$(inherited)",
				);
				GCC_WARN_64_TO_32_BIT_CONVERSION = YES;
				GCC_WARN_ABOUT_RETURN_TYPE = YES_ERROR;
				GCC_WARN_UNDECLARED_SELECTOR = YES;
				GCC_WARN_UNINITIALIZED_AUTOS = YES_AGGRESSIVE;
				GCC_WARN_UNUSED_FUNCTION = YES;
				GCC_WARN_UNUSED_VARIABLE = YES;
				IPHONEOS_DEPLOYMENT_TARGET = 13.6;
				MTL_ENABLE_DEBUG_INFO = INCLUDE_SOURCE;
				MTL_FAST_MATH = YES;
				ONLY_ACTIVE_ARCH = YES;
				SDKROOT = iphoneos;
				SWIFT_ACTIVE_COMPILATION_CONDITIONS = DEBUG;
				SWIFT_OPTIMIZATION_LEVEL = "-Onone";
			};
			name = Debug;
		};
		A6F9E47924E9A67800B4BEFE /* Release */ = {
			isa = XCBuildConfiguration;
			buildSettings = {
				ALWAYS_SEARCH_USER_PATHS = NO;
				CLANG_ANALYZER_NONNULL = YES;
				CLANG_ANALYZER_NUMBER_OBJECT_CONVERSION = YES_AGGRESSIVE;
				CLANG_CXX_LANGUAGE_STANDARD = "gnu++14";
				CLANG_CXX_LIBRARY = "libc++";
				CLANG_ENABLE_MODULES = YES;
				CLANG_ENABLE_OBJC_ARC = YES;
				CLANG_ENABLE_OBJC_WEAK = YES;
				CLANG_WARN_BLOCK_CAPTURE_AUTORELEASING = YES;
				CLANG_WARN_BOOL_CONVERSION = YES;
				CLANG_WARN_COMMA = YES;
				CLANG_WARN_CONSTANT_CONVERSION = YES;
				CLANG_WARN_DEPRECATED_OBJC_IMPLEMENTATIONS = YES;
				CLANG_WARN_DIRECT_OBJC_ISA_USAGE = YES_ERROR;
				CLANG_WARN_DOCUMENTATION_COMMENTS = YES;
				CLANG_WARN_EMPTY_BODY = YES;
				CLANG_WARN_ENUM_CONVERSION = YES;
				CLANG_WARN_INFINITE_RECURSION = YES;
				CLANG_WARN_INT_CONVERSION = YES;
				CLANG_WARN_NON_LITERAL_NULL_CONVERSION = YES;
				CLANG_WARN_OBJC_IMPLICIT_RETAIN_SELF = YES;
				CLANG_WARN_OBJC_LITERAL_CONVERSION = YES;
				CLANG_WARN_OBJC_ROOT_CLASS = YES_ERROR;
				CLANG_WARN_RANGE_LOOP_ANALYSIS = YES;
				CLANG_WARN_STRICT_PROTOTYPES = YES;
				CLANG_WARN_SUSPICIOUS_MOVE = YES;
				CLANG_WARN_UNGUARDED_AVAILABILITY = YES_AGGRESSIVE;
				CLANG_WARN_UNREACHABLE_CODE = YES;
				CLANG_WARN__DUPLICATE_METHOD_MATCH = YES;
				COPY_PHASE_STRIP = NO;
				DEBUG_INFORMATION_FORMAT = "dwarf-with-dsym";
				ENABLE_NS_ASSERTIONS = NO;
				ENABLE_STRICT_OBJC_MSGSEND = YES;
				GCC_C_LANGUAGE_STANDARD = gnu11;
				GCC_NO_COMMON_BLOCKS = YES;
				GCC_WARN_64_TO_32_BIT_CONVERSION = YES;
				GCC_WARN_ABOUT_RETURN_TYPE = YES_ERROR;
				GCC_WARN_UNDECLARED_SELECTOR = YES;
				GCC_WARN_UNINITIALIZED_AUTOS = YES_AGGRESSIVE;
				GCC_WARN_UNUSED_FUNCTION = YES;
				GCC_WARN_UNUSED_VARIABLE = YES;
				IPHONEOS_DEPLOYMENT_TARGET = 13.6;
				MTL_ENABLE_DEBUG_INFO = NO;
				MTL_FAST_MATH = YES;
				SDKROOT = iphoneos;
				SWIFT_COMPILATION_MODE = wholemodule;
				SWIFT_OPTIMIZATION_LEVEL = "-O";
				VALIDATE_PRODUCT = YES;
			};
			name = Release;
		};
		A6F9E47B24E9A67800B4BEFE /* Debug */ = {
			isa = XCBuildConfiguration;
			baseConfigurationReference = 7A040918B937F98296166ACF /* Pods-Weekly Planner.debug.xcconfig */;
			buildSettings = {
				ASSETCATALOG_COMPILER_APPICON_NAME = AppIcon;
				CODE_SIGN_STYLE = Automatic;
				DEVELOPMENT_TEAM = A6C4H4M7PQ;
				INFOPLIST_FILE = "Weekly Planner/Info.plist";
				LD_RUNPATH_SEARCH_PATHS = (
					"$(inherited)",
					"@executable_path/Frameworks",
				);
				PRODUCT_BUNDLE_IDENTIFIER = "com.ervinng.Weekly-Planner";
				PRODUCT_NAME = "$(TARGET_NAME)";
				SWIFT_VERSION = 5.0;
				TARGETED_DEVICE_FAMILY = "1,2";
			};
			name = Debug;
		};
		A6F9E47C24E9A67800B4BEFE /* Release */ = {
			isa = XCBuildConfiguration;
			baseConfigurationReference = 373A8FF2DC06B86E0DE6B5AD /* Pods-Weekly Planner.release.xcconfig */;
			buildSettings = {
				ASSETCATALOG_COMPILER_APPICON_NAME = AppIcon;
				CODE_SIGN_STYLE = Automatic;
				DEVELOPMENT_TEAM = A6C4H4M7PQ;
				INFOPLIST_FILE = "Weekly Planner/Info.plist";
				LD_RUNPATH_SEARCH_PATHS = (
					"$(inherited)",
					"@executable_path/Frameworks",
				);
				PRODUCT_BUNDLE_IDENTIFIER = "com.ervinng.Weekly-Planner";
				PRODUCT_NAME = "$(TARGET_NAME)";
				SWIFT_VERSION = 5.0;
				TARGETED_DEVICE_FAMILY = "1,2";
			};
			name = Release;
		};
/* End XCBuildConfiguration section */

/* Begin XCConfigurationList section */
		A6F9E46124E9A67400B4BEFE /* Build configuration list for PBXProject "Weekly Planner" */ = {
			isa = XCConfigurationList;
			buildConfigurations = (
				A6F9E47824E9A67800B4BEFE /* Debug */,
				A6F9E47924E9A67800B4BEFE /* Release */,
			);
			defaultConfigurationIsVisible = 0;
			defaultConfigurationName = Release;
		};
		A6F9E47A24E9A67800B4BEFE /* Build configuration list for PBXNativeTarget "Weekly Planner" */ = {
			isa = XCConfigurationList;
			buildConfigurations = (
				A6F9E47B24E9A67800B4BEFE /* Debug */,
				A6F9E47C24E9A67800B4BEFE /* Release */,
			);
			defaultConfigurationIsVisible = 0;
			defaultConfigurationName = Release;
		};
/* End XCConfigurationList section */
	};
	rootObject = A6F9E45E24E9A67400B4BEFE /* Project object */;
}
